
Microsoft Visual Studio Solution File, Format Version 12.00
# Visual Studio Version 17
VisualStudioVersion = 17.14.36511.14 d17.14
MinimumVisualStudioVersion = 10.0.40219.1
Project("{FAE04EC0-301F-11D3-BF4B-00C04F79EFBC}") = "Lab4", "Lab4\Lab4.csproj", "{64F66F06-70CD-4CE3-B004-B09AF909DF4A}"
EndProject
Global
	GlobalSection(SolutionConfigurationPlatforms) = preSolution
		Debug|Any CPU = Debug|Any CPU
		Release|Any CPU = Release|Any CPU
	EndGlobalSection
	GlobalSection(ProjectConfigurationPlatforms) = postSolution
		{64F66F06-70CD-4CE3-B004-B09AF909DF4A}.Debug|Any CPU.ActiveCfg = Debug|Any CPU
		{64F66F06-70CD-4CE3-B004-B09AF909DF4A}.Debug|Any CPU.Build.0 = Debug|Any CPU
		{64F66F06-70CD-4CE3-B004-B09AF909DF4A}.Release|Any CPU.ActiveCfg = Release|Any CPU
		{64F66F06-70CD-4CE3-B004-B09AF909DF4A}.Release|Any CPU.Build.0 = Release|Any CPU
	EndGlobalSection
	GlobalSection(SolutionProperties) = preSolution
		HideSolutionNode = FALSE
	EndGlobalSection
	GlobalSection(ExtensibilityGlobals) = postSolution
		SolutionGuid = {AAAC09E2-BE53-4560-A325-C282F6C900C6}
	EndGlobalSection
EndGlobal
