
Microsoft Visual Studio Solution File, Format Version 12.00
# Visual Studio Version 17
VisualStudioVersion = 17.14.36511.14 d17.14
MinimumVisualStudioVersion = 10.0.40219.1
Project("{FAE04EC0-301F-11D3-BF4B-00C04F79EFBC}") = "Lab2", "Lab2\Lab2.csproj", "{C9CEE321-522F-47A8-86BC-F1BE234126CD}"
EndProject
Project("{FAE04EC0-301F-11D3-BF4B-00C04F79EFBC}") = "Lab3", "Lab3\Lab3.csproj", "{C2C43DA1-A586-4E9E-AF84-CAED578E47DC}"
EndProject
Global
	GlobalSection(SolutionConfigurationPlatforms) = preSolution
		Debug|Any CPU = Debug|Any CPU
		Release|Any CPU = Release|Any CPU
	EndGlobalSection
	GlobalSection(ProjectConfigurationPlatforms) = postSolution
		{C9CEE321-522F-47A8-86BC-F1BE234126CD}.Debug|Any CPU.ActiveCfg = Debug|Any CPU
		{C9CEE321-522F-47A8-86BC-F1BE234126CD}.Debug|Any CPU.Build.0 = Debug|Any CPU
		{C9CEE321-522F-47A8-86BC-F1BE234126CD}.Release|Any CPU.ActiveCfg = Release|Any CPU
		{C9CEE321-522F-47A8-86BC-F1BE234126CD}.Release|Any CPU.Build.0 = Release|Any CPU
		{C2C43DA1-A586-4E9E-AF84-CAED578E47DC}.Debug|Any CPU.ActiveCfg = Debug|Any CPU
		{C2C43DA1-A586-4E9E-AF84-CAED578E47DC}.Debug|Any CPU.Build.0 = Debug|Any CPU
		{C2C43DA1-A586-4E9E-AF84-CAED578E47DC}.Release|Any CPU.ActiveCfg = Release|Any CPU
		{C2C43DA1-A586-4E9E-AF84-CAED578E47DC}.Release|Any CPU.Build.0 = Release|Any CPU
	EndGlobalSection
	GlobalSection(SolutionProperties) = preSolution
		HideSolutionNode = FALSE
	EndGlobalSection
	GlobalSection(ExtensibilityGlobals) = postSolution
		SolutionGuid = {85AB7A39-22CE-462B-AC23-08AEC28F9DFD}
	EndGlobalSection
EndGlobal
