
Microsoft Visual Studio Solution File, Format Version 12.00
# Visual Studio Version 17
VisualStudioVersion = 17.14.36511.14 d17.14
MinimumVisualStudioVersion = 10.0.40219.1
Project("{FAE04EC0-301F-11D3-BF4B-00C04F79EFBC}") = "Lab3", "Lab3\Lab3.csproj", "{E97EA94A-29D0-42CB-85CC-DBE17B37FDFF}"
EndProject
Global
	GlobalSection(SolutionConfigurationPlatforms) = preSolution
		Debug|Any CPU = Debug|Any CPU
		Release|Any CPU = Release|Any CPU
	EndGlobalSection
	GlobalSection(ProjectConfigurationPlatforms) = postSolution
		{E97EA94A-29D0-42CB-85CC-DBE17B37FDFF}.Debug|Any CPU.ActiveCfg = Debug|Any CPU
		{E97EA94A-29D0-42CB-85CC-DBE17B37FDFF}.Debug|Any CPU.Build.0 = Debug|Any CPU
		{E97EA94A-29D0-42CB-85CC-DBE17B37FDFF}.Release|Any CPU.ActiveCfg = Release|Any CPU
		{E97EA94A-29D0-42CB-85CC-DBE17B37FDFF}.Release|Any CPU.Build.0 = Release|Any CPU
	EndGlobalSection
	GlobalSection(SolutionProperties) = preSolution
		HideSolutionNode = FALSE
	EndGlobalSection
	GlobalSection(ExtensibilityGlobals) = postSolution
		SolutionGuid = {8BF345E9-161A-4F83-9302-1A513C290C23}
	EndGlobalSection
EndGlobal
